
Microsoft Visual Studio Solution File, Format Version 12.00
# Visual Studio Version 16
VisualStudioVersion = 16.6.30114.105
MinimumVisualStudioVersion = 10.0.40219.1
Project("{9A19103F-16F7-4668-BE54-9A1E7A4F7556}") = "R5T.T0096", "R5T.T0096\R5T.T0096.csproj", "{F374CA5E-C878-4A68-A91F-E511842F1C15}"
EndProject
Project("{2150E333-8FDC-42A3-9474-1A3956D46DE8}") = "_Dependencies", "_Dependencies", "{6F7F301D-B4AD-4B96-A85D-A9BC1588B8ED}"
EndProject
Project("{9A19103F-16F7-4668-BE54-9A1E7A4F7556}") = "R5T.T0039.T002", "..\..\R5T.T0039\source\R5T.T0039.T002\R5T.T0039.T002.csproj", "{78EFED2B-11DB-4936-B85D-FA8AA5A54932}"
EndProject
Project("{9A19103F-16F7-4668-BE54-9A1E7A4F7556}") = "R5T.T0092", "..\..\R5T.T0092\source\R5T.T0092\R5T.T0092.csproj", "{B5CE64BE-6D6C-498B-AA94-739B6C2E2C21}"
EndProject
Project("{9A19103F-16F7-4668-BE54-9A1E7A4F7556}") = "R5T.T0096.X001", "R5T.T0096.X001\R5T.T0096.X001.csproj", "{F5074F96-33DC-42CC-9A8B-628F7B766487}"
EndProject
Global
	GlobalSection(SolutionConfigurationPlatforms) = preSolution
		Debug|Any CPU = Debug|Any CPU
		Debug|x64 = Debug|x64
		Debug|x86 = Debug|x86
		Release|Any CPU = Release|Any CPU
		Release|x64 = Release|x64
		Release|x86 = Release|x86
	EndGlobalSection
	GlobalSection(ProjectConfigurationPlatforms) = postSolution
		{F374CA5E-C878-4A68-A91F-E511842F1C15}.Debug|Any CPU.ActiveCfg = Debug|Any CPU
		{F374CA5E-C878-4A68-A91F-E511842F1C15}.Debug|Any CPU.Build.0 = Debug|Any CPU
		{F374CA5E-C878-4A68-A91F-E511842F1C15}.Debug|x64.ActiveCfg = Debug|Any CPU
		{F374CA5E-C878-4A68-A91F-E511842F1C15}.Debug|x64.Build.0 = Debug|Any CPU
		{F374CA5E-C878-4A68-A91F-E511842F1C15}.Debug|x86.ActiveCfg = Debug|Any CPU
		{F374CA5E-C878-4A68-A91F-E511842F1C15}.Debug|x86.Build.0 = Debug|Any CPU
		{F374CA5E-C878-4A68-A91F-E511842F1C15}.Release|Any CPU.ActiveCfg = Release|Any CPU
		{F374CA5E-C878-4A68-A91F-E511842F1C15}.Release|Any CPU.Build.0 = Release|Any CPU
		{F374CA5E-C878-4A68-A91F-E511842F1C15}.Release|x64.ActiveCfg = Release|Any CPU
		{F374CA5E-C878-4A68-A91F-E511842F1C15}.Release|x64.Build.0 = Release|Any CPU
		{F374CA5E-C878-4A68-A91F-E511842F1C15}.Release|x86.ActiveCfg = Release|Any CPU
		{F374CA5E-C878-4A68-A91F-E511842F1C15}.Release|x86.Build.0 = Release|Any CPU
		{78EFED2B-11DB-4936-B85D-FA8AA5A54932}.Debug|Any CPU.ActiveCfg = Debug|Any CPU
		{78EFED2B-11DB-4936-B85D-FA8AA5A54932}.Debug|Any CPU.Build.0 = Debug|Any CPU
		{78EFED2B-11DB-4936-B85D-FA8AA5A54932}.Debug|x64.ActiveCfg = Debug|Any CPU
		{78EFED2B-11DB-4936-B85D-FA8AA5A54932}.Debug|x64.Build.0 = Debug|Any CPU
		{78EFED2B-11DB-4936-B85D-FA8AA5A54932}.Debug|x86.ActiveCfg = Debug|Any CPU
		{78EFED2B-11DB-4936-B85D-FA8AA5A54932}.Debug|x86.Build.0 = Debug|Any CPU
		{78EFED2B-11DB-4936-B85D-FA8AA5A54932}.Release|Any CPU.ActiveCfg = Release|Any CPU
		{78EFED2B-11DB-4936-B85D-FA8AA5A54932}.Release|Any CPU.Build.0 = Release|Any CPU
		{78EFED2B-11DB-4936-B85D-FA8AA5A54932}.Release|x64.ActiveCfg = Release|Any CPU
		{78EFED2B-11DB-4936-B85D-FA8AA5A54932}.Release|x64.Build.0 = Release|Any CPU
		{78EFED2B-11DB-4936-B85D-FA8AA5A54932}.Release|x86.ActiveCfg = Release|Any CPU
		{78EFED2B-11DB-4936-B85D-FA8AA5A54932}.Release|x86.Build.0 = Release|Any CPU
		{B5CE64BE-6D6C-498B-AA94-739B6C2E2C21}.Debug|Any CPU.ActiveCfg = Debug|Any CPU
		{B5CE64BE-6D6C-498B-AA94-739B6C2E2C21}.Debug|Any CPU.Build.0 = Debug|Any CPU
		{B5CE64BE-6D6C-498B-AA94-739B6C2E2C21}.Debug|x64.ActiveCfg = Debug|Any CPU
		{B5CE64BE-6D6C-498B-AA94-739B6C2E2C21}.Debug|x64.Build.0 = Debug|Any CPU
		{B5CE64BE-6D6C-498B-AA94-739B6C2E2C21}.Debug|x86.ActiveCfg = Debug|Any CPU
		{B5CE64BE-6D6C-498B-AA94-739B6C2E2C21}.Debug|x86.Build.0 = Debug|Any CPU
		{B5CE64BE-6D6C-498B-AA94-739B6C2E2C21}.Release|Any CPU.ActiveCfg = Release|Any CPU
		{B5CE64BE-6D6C-498B-AA94-739B6C2E2C21}.Release|Any CPU.Build.0 = Release|Any CPU
		{B5CE64BE-6D6C-498B-AA94-739B6C2E2C21}.Release|x64.ActiveCfg = Release|Any CPU
		{B5CE64BE-6D6C-498B-AA94-739B6C2E2C21}.Release|x64.Build.0 = Release|Any CPU
		{B5CE64BE-6D6C-498B-AA94-739B6C2E2C21}.Release|x86.ActiveCfg = Release|Any CPU
		{B5CE64BE-6D6C-498B-AA94-739B6C2E2C21}.Release|x86.Build.0 = Release|Any CPU
		{F5074F96-33DC-42CC-9A8B-628F7B766487}.Debug|Any CPU.ActiveCfg = Debug|Any CPU
		{F5074F96-33DC-42CC-9A8B-628F7B766487}.Debug|Any CPU.Build.0 = Debug|Any CPU
		{F5074F96-33DC-42CC-9A8B-628F7B766487}.Debug|x64.ActiveCfg = Debug|Any CPU
		{F5074F96-33DC-42CC-9A8B-628F7B766487}.Debug|x64.Build.0 = Debug|Any CPU
		{F5074F96-33DC-42CC-9A8B-628F7B766487}.Debug|x86.ActiveCfg = Debug|Any CPU
		{F5074F96-33DC-42CC-9A8B-628F7B766487}.Debug|x86.Build.0 = Debug|Any CPU
		{F5074F96-33DC-42CC-9A8B-628F7B766487}.Release|Any CPU.ActiveCfg = Release|Any CPU
		{F5074F96-33DC-42CC-9A8B-628F7B766487}.Release|Any CPU.Build.0 = Release|Any CPU
		{F5074F96-33DC-42CC-9A8B-628F7B766487}.Release|x64.ActiveCfg = Release|Any CPU
		{F5074F96-33DC-42CC-9A8B-628F7B766487}.Release|x64.Build.0 = Release|Any CPU
		{F5074F96-33DC-42CC-9A8B-628F7B766487}.Release|x86.ActiveCfg = Release|Any CPU
		{F5074F96-33DC-42CC-9A8B-628F7B766487}.Release|x86.Build.0 = Release|Any CPU
	EndGlobalSection
	GlobalSection(SolutionProperties) = preSolution
		HideSolutionNode = FALSE
	EndGlobalSection
	GlobalSection(NestedProjects) = preSolution
		{78EFED2B-11DB-4936-B85D-FA8AA5A54932} = {6F7F301D-B4AD-4B96-A85D-A9BC1588B8ED}
		{B5CE64BE-6D6C-498B-AA94-739B6C2E2C21} = {6F7F301D-B4AD-4B96-A85D-A9BC1588B8ED}
	EndGlobalSection
	GlobalSection(ExtensibilityGlobals) = postSolution
		SolutionGuid = {DEA1902E-9D25-49D3-A929-D80AC12F8AC8}
	EndGlobalSection
EndGlobal
